{
  "originHash" : "8f0758663423d27392bb0607b544e555e5c20c404e84eeea438f1b918dd8a8d5",
  "pins" : [
    {
      "identity" : "alamofire",
      "kind" : "remoteSourceControl",
      "location" : "https://github.com/Alamofire/Alamofire.git",
      "state" : {
        "revision" : "513364f870f6bfc468f9d2ff0a95caccc10044c5",
        "version" : "5.10.2"
      }
    },
    {
      "identity" : "swift-package-manager-google-mobile-ads",
      "kind" : "remoteSourceControl",
      "location" : "https://github.com/googleads/swift-package-manager-google-mobile-ads",
      "state" : {
        "revision" : "946770157e526c0fa8807ed516c3d9f81106e30a",
        "version" : "12.6.0"
      }
    },
    {
      "identity" : "swift-package-manager-google-user-messaging-platform",
      "kind" : "remoteSourceControl",
      "location" : "https://github.com/googleads/swift-package-manager-google-user-messaging-platform.git",
      "state" : {
        "revision" : "69b53394c5258b3fe688e625a998047d1f393497",
        "version" : "3.0.0"
      }
    }
  ],
  "version" : 3
}
